// !$*UTF8*$!
{
	archiveVersion = 1;
	classes = {
	};
	objectVersion = 53;
	objects = {

/* Begin PBXBuildFile section */
		DF2AC68B2727C61E0033C70C /* Snowfall1.mp4 in Resources */ = {isa = PBXBuildFile; fileRef = DF2AC68A2727C61E0033C70C /* Snowfall1.mp4 */; };
		DF60F578244B4A6D00478922 /* AppDelegate.swift in Sources */ = {isa = PBXBuildFile; fileRef = DF60F577244B4A6D00478922 /* AppDelegate.swift */; };
		DF60F57A244B4A6D00478922 /* SceneDelegate.swift in Sources */ = {isa = PBXBuildFile; fileRef = DF60F579244B4A6D00478922 /* SceneDelegate.swift */; };
		DF60F57C244B4A6D00478922 /* ViewController.swift in Sources */ = {isa = PBXBuildFile; fileRef = DF60F57B244B4A6D00478922 /* ViewController.swift */; };
		DF60F57F244B4A6D00478922 /* Main.storyboard in Resources */ = {isa = PBXBuildFile; fileRef = DF60F57D244B4A6D00478922 /* Main.storyboard */; };
		DF60F581244B4A6F00478922 /* Assets.xcassets in Resources */ = {isa = PBXBuildFile; fileRef = DF60F580244B4A6F00478922 /* Assets.xcassets */; };
		DF60F584244B4A6F00478922 /* LaunchScreen.storyboard in Resources */ = {isa = PBXBuildFile; fileRef = DF60F582244B4A6F00478922 /* LaunchScreen.storyboard */; };
		DF60F58C244B5CB800478922 /* WeatherModel.swift in Sources */ = {isa = PBXBuildFile; fileRef = DF60F58B244B5CB800478922 /* WeatherModel.swift */; };
		DF60F58E244B5CE000478922 /* WeatheData.swift in Sources */ = {isa = PBXBuildFile; fileRef = DF60F58D244B5CE000478922 /* WeatheData.swift */; };
		DF60F590244B5CFE00478922 /* WeatherManager.swift in Sources */ = {isa = PBXBuildFile; fileRef = DF60F58F244B5CFE00478922 /* WeatherManager.swift */; };
		DFC5475F271D470C00EBF4B9 /* Clouds.mp4 in Resources */ = {isa = PBXBuildFile; fileRef = DFC5475E271D470C00EBF4B9 /* Clouds.mp4 */; };
		DFC54763271D4CD800EBF4B9 /* Lighting.mp4 in Resources */ = {isa = PBXBuildFile; fileRef = DFC54762271D4CD800EBF4B9 /* Lighting.mp4 */; };
		DFE6456527208F3100FD1BD4 /* Fog.mp4 in Resources */ = {isa = PBXBuildFile; fileRef = DFE6456027208F2F00FD1BD4 /* Fog.mp4 */; };
		DFE6456627208F3100FD1BD4 /* Snow.mp4 in Resources */ = {isa = PBXBuildFile; fileRef = DFE6456127208F2F00FD1BD4 /* Snow.mp4 */; };
		DFE6456727208F3100FD1BD4 /* Rain.mp4 in Resources */ = {isa = PBXBuildFile; fileRef = DFE6456227208F3000FD1BD4 /* Rain.mp4 */; };
		DFE6456827208F3100FD1BD4 /* Sun.mp4 in Resources */ = {isa = PBXBuildFile; fileRef = DFE6456327208F3000FD1BD4 /* Sun.mp4 */; };
		DFE6456927208F3100FD1BD4 /* Drizzle.mp4 in Resources */ = {isa = PBXBuildFile; fileRef = DFE6456427208F3100FD1BD4 /* Drizzle.mp4 */; };
/* End PBXBuildFile section */

/* Begin PBXFileReference section */
		DF2AC68A2727C61E0033C70C /* Snowfall1.mp4 */ = {isa = PBXFileReference; lastKnownFileType = file; path = Snowfall1.mp4; sourceTree = "<group>"; };
		DF60F574244B4A6D00478922 /* MiClima.app */ = {isa = PBXFileReference; explicitFileType = wrapper.application; includeInIndex = 0; path = MiClima.app; sourceTree = BUILT_PRODUCTS_DIR; };
		DF60F577244B4A6D00478922 /* AppDelegate.swift */ = {isa = PBXFileReference; lastKnownFileType = sourcecode.swift; path = AppDelegate.swift; sourceTree = "<group>"; };
		DF60F579244B4A6D00478922 /* SceneDelegate.swift */ = {isa = PBXFileReference; lastKnownFileType = sourcecode.swift; path = SceneDelegate.swift; sourceTree = "<group>"; };
		DF60F57B244B4A6D00478922 /* ViewController.swift */ = {isa = PBXFileReference; lastKnownFileType = sourcecode.swift; path = ViewController.swift; sourceTree = "<group>"; };
		DF60F57E244B4A6D00478922 /* Base */ = {isa = PBXFileReference; lastKnownFileType = file.storyboard; name = Base; path = Base.lproj/Main.storyboard; sourceTree = "<group>"; };
		DF60F580244B4A6F00478922 /* Assets.xcassets */ = {isa = PBXFileReference; lastKnownFileType = folder.assetcatalog; path = Assets.xcassets; sourceTree = "<group>"; };
		DF60F583244B4A6F00478922 /* Base */ = {isa = PBXFileReference; lastKnownFileType = file.storyboard; name = Base; path = Base.lproj/LaunchScreen.storyboard; sourceTree = "<group>"; };
		DF60F585244B4A6F00478922 /* Info.plist */ = {isa = PBXFileReference; lastKnownFileType = text.plist.xml; path = Info.plist; sourceTree = "<group>"; };
		DF60F58B244B5CB800478922 /* WeatherModel.swift */ = {isa = PBXFileReference; lastKnownFileType = sourcecode.swift; path = WeatherModel.swift; sourceTree = "<group>"; };
		DF60F58D244B5CE000478922 /* WeatheData.swift */ = {isa = PBXFileReference; lastKnownFileType = sourcecode.swift; path = WeatheData.swift; sourceTree = "<group>"; };
		DF60F58F244B5CFE00478922 /* WeatherManager.swift */ = {isa = PBXFileReference; lastKnownFileType = sourcecode.swift; path = WeatherManager.swift; sourceTree = "<group>"; };
		DFC47EDE24CE9909005FA1C8 /* es-419 */ = {isa = PBXFileReference; lastKnownFileType = text.plist.strings; name = "es-419"; path = "es-419.lproj/Main.strings"; sourceTree = "<group>"; };
		DFC47EDF24CE990A005FA1C8 /* es-419 */ = {isa = PBXFileReference; lastKnownFileType = text.plist.strings; name = "es-419"; path = "es-419.lproj/LaunchScreen.strings"; sourceTree = "<group>"; };
		DFC47EED24D13C97005FA1C8 /* en */ = {isa = PBXFileReference; lastKnownFileType = text.plist.strings; name = en; path = en.lproj/Main.strings; sourceTree = "<group>"; };
		DFC5475E271D470C00EBF4B9 /* Clouds.mp4 */ = {isa = PBXFileReference; lastKnownFileType = file; path = Clouds.mp4; sourceTree = "<group>"; };
		DFC54762271D4CD800EBF4B9 /* Lighting.mp4 */ = {isa = PBXFileReference; lastKnownFileType = file; path = Lighting.mp4; sourceTree = "<group>"; };
		DFE6456027208F2F00FD1BD4 /* Fog.mp4 */ = {isa = PBXFileReference; lastKnownFileType = file; path = Fog.mp4; sourceTree = "<group>"; };
		DFE6456127208F2F00FD1BD4 /* Snow.mp4 */ = {isa = PBXFileReference; lastKnownFileType = file; path = Snow.mp4; sourceTree = "<group>"; };
		DFE6456227208F3000FD1BD4 /* Rain.mp4 */ = {isa = PBXFileReference; lastKnownFileType = file; path = Rain.mp4; sourceTree = "<group>"; };
		DFE6456327208F3000FD1BD4 /* Sun.mp4 */ = {isa = PBXFileReference; lastKnownFileType = file; path = Sun.mp4; sourceTree = "<group>"; };
		DFE6456427208F3100FD1BD4 /* Drizzle.mp4 */ = {isa = PBXFileReference; lastKnownFileType = file; path = Drizzle.mp4; sourceTree = "<group>"; };
		DFE9B0BE2557C53600B53AB5 /* en */ = {isa = PBXFileReference; lastKnownFileType = text.plist.strings; name = en; path = en.lproj/LaunchScreen.strings; sourceTree = "<group>"; };
/* End PBXFileReference section */

/* Begin PBXFrameworksBuildPhase section */
		DF60F571244B4A6D00478922 /* Frameworks */ = {
			isa = PBXFrameworksBuildPhase;
			buildActionMask = 2147483647;
			files = (
			);
			runOnlyForDeploymentPostprocessing = 0;
		};
/* End PBXFrameworksBuildPhase section */

/* Begin PBXGroup section */
		DF3362FB273B886100BCA77F /* Controller */ = {
			isa = PBXGroup;
			children = (
				DF60F57B244B4A6D00478922 /* ViewController.swift */,
			);
			path = Controller;
			sourceTree = "<group>";
		};
		DF3362FC273B886F00BCA77F /* View */ = {
			isa = PBXGroup;
			children = (
				DF60F57D244B4A6D00478922 /* Main.storyboard */,
			);
			path = View;
			sourceTree = "<group>";
		};
		DF3362FD273B887800BCA77F /* Model */ = {
			isa = PBXGroup;
			children = (
				DF60F58F244B5CFE00478922 /* WeatherManager.swift */,
				DF60F58B244B5CB800478922 /* WeatherModel.swift */,
				DF60F58D244B5CE000478922 /* WeatheData.swift */,
			);
			path = Model;
			sourceTree = "<group>";
		};
		DF3362FE273B88B300BCA77F /* Mp4's */ = {
			isa = PBXGroup;
			children = (
				DF2AC68A2727C61E0033C70C /* Snowfall1.mp4 */,
				DFE6456427208F3100FD1BD4 /* Drizzle.mp4 */,
				DFE6456027208F2F00FD1BD4 /* Fog.mp4 */,
				DFE6456227208F3000FD1BD4 /* Rain.mp4 */,
				DFE6456127208F2F00FD1BD4 /* Snow.mp4 */,
				DFE6456327208F3000FD1BD4 /* Sun.mp4 */,
				DFC54762271D4CD800EBF4B9 /* Lighting.mp4 */,
				DFC5475E271D470C00EBF4B9 /* Clouds.mp4 */,
			);
			path = "Mp4's";
			sourceTree = "<group>";
		};
		DF60F56B244B4A6D00478922 = {
			isa = PBXGroup;
			children = (
				DF60F576244B4A6D00478922 /* ElClima */,
				DF60F575244B4A6D00478922 /* Products */,
			);
			sourceTree = "<group>";
		};
		DF60F575244B4A6D00478922 /* Products */ = {
			isa = PBXGroup;
			children = (
				DF60F574244B4A6D00478922 /* MiClima.app */,
			);
			name = Products;
			sourceTree = "<group>";
		};
		DF60F576244B4A6D00478922 /* ElClima */ = {
			isa = PBXGroup;
			children = (
				DF60F577244B4A6D00478922 /* AppDelegate.swift */,
				DF60F579244B4A6D00478922 /* SceneDelegate.swift */,
				DF3362FE273B88B300BCA77F /* Mp4's */,
				DF3362FD273B887800BCA77F /* Model */,
				DF3362FC273B886F00BCA77F /* View */,
				DF3362FB273B886100BCA77F /* Controller */,
				DF60F580244B4A6F00478922 /* Assets.xcassets */,
				DF60F582244B4A6F00478922 /* LaunchScreen.storyboard */,
				DF60F585244B4A6F00478922 /* Info.plist */,
			);
			path = ElClima;
			sourceTree = "<group>";
		};
/* End PBXGroup section */

/* Begin PBXNativeTarget section */
		DF60F573244B4A6D00478922 /* MiClima */ = {
			isa = PBXNativeTarget;
			buildConfigurationList = DF60F588244B4A6F00478922 /* Build configuration list for PBXNativeTarget "MiClima" */;
			buildPhases = (
				DF60F570244B4A6D00478922 /* Sources */,
				DF60F571244B4A6D00478922 /* Frameworks */,
				DF60F572244B4A6D00478922 /* Resources */,
			);
			buildRules = (
			);
			dependencies = (
			);
			name = MiClima;
			productName = ElClima;
			productReference = DF60F574244B4A6D00478922 /* MiClima.app */;
			productType = "com.apple.product-type.application";
		};
/* End PBXNativeTarget section */

/* Begin PBXProject section */
		DF60F56C244B4A6D00478922 /* Project object */ = {
			isa = PBXProject;
			attributes = {
				LastSwiftUpdateCheck = 1140;
				LastUpgradeCheck = 1200;
				ORGANIZATIONNAME = "Francisco Hernandez";
				TargetAttributes = {
					DF60F573244B4A6D00478922 = {
						CreatedOnToolsVersion = 11.4.1;
					};
				};
			};
			buildConfigurationList = DF60F56F244B4A6D00478922 /* Build configuration list for PBXProject "MiClima" */;
			compatibilityVersion = "Xcode 11.4";
			developmentRegion = en;
			hasScannedForEncodings = 0;
			knownRegions = (
				en,
				Base,
				"es-419",
			);
			mainGroup = DF60F56B244B4A6D00478922;
			productRefGroup = DF60F575244B4A6D00478922 /* Products */;
			projectDirPath = "";
			projectRoot = "";
			targets = (
				DF60F573244B4A6D00478922 /* MiClima */,
			);
		};
/* End PBXProject section */

/* Begin PBXResourcesBuildPhase section */
		DF60F572244B4A6D00478922 /* Resources */ = {
			isa = PBXResourcesBuildPhase;
			buildActionMask = 2147483647;
			files = (
				DFE6456527208F3100FD1BD4 /* Fog.mp4 in Resources */,
				DFE6456727208F3100FD1BD4 /* Rain.mp4 in Resources */,
				DF60F584244B4A6F00478922 /* LaunchScreen.storyboard in Resources */,
				DFE6456827208F3100FD1BD4 /* Sun.mp4 in Resources */,
				DF60F581244B4A6F00478922 /* Assets.xcassets in Resources */,
				DF2AC68B2727C61E0033C70C /* Snowfall1.mp4 in Resources */,
				DFE6456627208F3100FD1BD4 /* Snow.mp4 in Resources */,
				DF60F57F244B4A6D00478922 /* Main.storyboard in Resources */,
				DFC54763271D4CD800EBF4B9 /* Lighting.mp4 in Resources */,
				DFE6456927208F3100FD1BD4 /* Drizzle.mp4 in Resources */,
				DFC5475F271D470C00EBF4B9 /* Clouds.mp4 in Resources */,
			);
			runOnlyForDeploymentPostprocessing = 0;
		};
/* End PBXResourcesBuildPhase section */

/* Begin PBXSourcesBuildPhase section */
		DF60F570244B4A6D00478922 /* Sources */ = {
			isa = PBXSourcesBuildPhase;
			buildActionMask = 2147483647;
			files = (
				DF60F590244B5CFE00478922 /* WeatherManager.swift in Sources */,
				DF60F57C244B4A6D00478922 /* ViewController.swift in Sources */,
				DF60F58E244B5CE000478922 /* WeatheData.swift in Sources */,
				DF60F578244B4A6D00478922 /* AppDelegate.swift in Sources */,
				DF60F58C244B5CB800478922 /* WeatherModel.swift in Sources */,
				DF60F57A244B4A6D00478922 /* SceneDelegate.swift in Sources */,
			);
			runOnlyForDeploymentPostprocessing = 0;
		};
/* End PBXSourcesBuildPhase section */

/* Begin PBXVariantGroup section */
		DF60F57D244B4A6D00478922 /* Main.storyboard */ = {
			isa = PBXVariantGroup;
			children = (
				DF60F57E244B4A6D00478922 /* Base */,
				DFC47EDE24CE9909005FA1C8 /* es-419 */,
				DFC47EED24D13C97005FA1C8 /* en */,
			);
			name = Main.storyboard;
			sourceTree = "<group>";
		};
		DF60F582244B4A6F00478922 /* LaunchScreen.storyboard */ = {
			isa = PBXVariantGroup;
			children = (
				DF60F583244B4A6F00478922 /* Base */,
				DFC47EDF24CE990A005FA1C8 /* es-419 */,
				DFE9B0BE2557C53600B53AB5 /* en */,
			);
			name = LaunchScreen.storyboard;
			sourceTree = "<group>";
		};
/* End PBXVariantGroup section */

/* Begin XCBuildConfiguration section */
		DF60F586244B4A6F00478922 /* Debug */ = {
			isa = XCBuildConfiguration;
			buildSettings = {
				ALWAYS_SEARCH_USER_PATHS = NO;
				CLANG_ANALYZER_LOCALIZABILITY_NONLOCALIZED = YES;
				CLANG_ANALYZER_NONNULL = YES;
				CLANG_ANALYZER_NUMBER_OBJECT_CONVERSION = YES_AGGRESSIVE;
				CLANG_CXX_LANGUAGE_STANDARD = "gnu++14";
				CLANG_CXX_LIBRARY = "libc++";
				CLANG_ENABLE_MODULES = YES;
				CLANG_ENABLE_OBJC_ARC = YES;
				CLANG_ENABLE_OBJC_WEAK = YES;
				CLANG_WARN_BLOCK_CAPTURE_AUTORELEASING = YES;
				CLANG_WARN_BOOL_CONVERSION = YES;
				CLANG_WARN_COMMA = YES;
				CLANG_WARN_CONSTANT_CONVERSION = YES;
				CLANG_WARN_DEPRECATED_OBJC_IMPLEMENTATIONS = YES;
				CLANG_WARN_DIRECT_OBJC_ISA_USAGE = YES_ERROR;
				CLANG_WARN_DOCUMENTATION_COMMENTS = YES;
				CLANG_WARN_EMPTY_BODY = YES;
				CLANG_WARN_ENUM_CONVERSION = YES;
				CLANG_WARN_INFINITE_RECURSION = YES;
				CLANG_WARN_INT_CONVERSION = YES;
				CLANG_WARN_NON_LITERAL_NULL_CONVERSION = YES;
				CLANG_WARN_OBJC_IMPLICIT_RETAIN_SELF = YES;
				CLANG_WARN_OBJC_LITERAL_CONVERSION = YES;
				CLANG_WARN_OBJC_ROOT_CLASS = YES_ERROR;
				CLANG_WARN_QUOTED_INCLUDE_IN_FRAMEWORK_HEADER = YES;
				CLANG_WARN_RANGE_LOOP_ANALYSIS = YES;
				CLANG_WARN_STRICT_PROTOTYPES = YES;
				CLANG_WARN_SUSPICIOUS_MOVE = YES;
				CLANG_WARN_UNGUARDED_AVAILABILITY = YES_AGGRESSIVE;
				CLANG_WARN_UNREACHABLE_CODE = YES;
				CLANG_WARN__DUPLICATE_METHOD_MATCH = YES;
				COPY_PHASE_STRIP = NO;
				DEBUG_INFORMATION_FORMAT = dwarf;
				ENABLE_STRICT_OBJC_MSGSEND = YES;
				ENABLE_TESTABILITY = YES;
				GCC_C_LANGUAGE_STANDARD = gnu11;
				GCC_DYNAMIC_NO_PIC = NO;
				GCC_NO_COMMON_BLOCKS = YES;
				GCC_OPTIMIZATION_LEVEL = 0;
				GCC_PREPROCESSOR_DEFINITIONS = (
					"DEBUG=1",
					"$(inherited)",
				);
				GCC_WARN_64_TO_32_BIT_CONVERSION = YES;
				GCC_WARN_ABOUT_RETURN_TYPE = YES_ERROR;
				GCC_WARN_UNDECLARED_SELECTOR = YES;
				GCC_WARN_UNINITIALIZED_AUTOS = YES_AGGRESSIVE;
				GCC_WARN_UNUSED_FUNCTION = YES;
				GCC_WARN_UNUSED_VARIABLE = YES;
				IPHONEOS_DEPLOYMENT_TARGET = 13.4;
				MTL_ENABLE_DEBUG_INFO = INCLUDE_SOURCE;
				MTL_FAST_MATH = YES;
				ONLY_ACTIVE_ARCH = YES;
				SDKROOT = iphoneos;
				SWIFT_ACTIVE_COMPILATION_CONDITIONS = DEBUG;
				SWIFT_OPTIMIZATION_LEVEL = "-Onone";
			};
			name = Debug;
		};
		DF60F587244B4A6F00478922 /* Release */ = {
			isa = XCBuildConfiguration;
			buildSettings = {
				ALWAYS_SEARCH_USER_PATHS = NO;
				CLANG_ANALYZER_LOCALIZABILITY_NONLOCALIZED = YES;
				CLANG_ANALYZER_NONNULL = YES;
				CLANG_ANALYZER_NUMBER_OBJECT_CONVERSION = YES_AGGRESSIVE;
				CLANG_CXX_LANGUAGE_STANDARD = "gnu++14";
				CLANG_CXX_LIBRARY = "libc++";
				CLANG_ENABLE_MODULES = YES;
				CLANG_ENABLE_OBJC_ARC = YES;
				CLANG_ENABLE_OBJC_WEAK = YES;
				CLANG_WARN_BLOCK_CAPTURE_AUTORELEASING = YES;
				CLANG_WARN_BOOL_CONVERSION = YES;
				CLANG_WARN_COMMA = YES;
				CLANG_WARN_CONSTANT_CONVERSION = YES;
				CLANG_WARN_DEPRECATED_OBJC_IMPLEMENTATIONS = YES;
				CLANG_WARN_DIRECT_OBJC_ISA_USAGE = YES_ERROR;
				CLANG_WARN_DOCUMENTATION_COMMENTS = YES;
				CLANG_WARN_EMPTY_BODY = YES;
				CLANG_WARN_ENUM_CONVERSION = YES;
				CLANG_WARN_INFINITE_RECURSION = YES;
				CLANG_WARN_INT_CONVERSION = YES;
				CLANG_WARN_NON_LITERAL_NULL_CONVERSION = YES;
				CLANG_WARN_OBJC_IMPLICIT_RETAIN_SELF = YES;
				CLANG_WARN_OBJC_LITERAL_CONVERSION = YES;
				CLANG_WARN_OBJC_ROOT_CLASS = YES_ERROR;
				CLANG_WARN_QUOTED_INCLUDE_IN_FRAMEWORK_HEADER = YES;
				CLANG_WARN_RANGE_LOOP_ANALYSIS = YES;
				CLANG_WARN_STRICT_PROTOTYPES = YES;
				CLANG_WARN_SUSPICIOUS_MOVE = YES;
				CLANG_WARN_UNGUARDED_AVAILABILITY = YES_AGGRESSIVE;
				CLANG_WARN_UNREACHABLE_CODE = YES;
				CLANG_WARN__DUPLICATE_METHOD_MATCH = YES;
				COPY_PHASE_STRIP = NO;
				DEBUG_INFORMATION_FORMAT = "dwarf-with-dsym";
				ENABLE_NS_ASSERTIONS = NO;
				ENABLE_STRICT_OBJC_MSGSEND = YES;
				GCC_C_LANGUAGE_STANDARD = gnu11;
				GCC_NO_COMMON_BLOCKS = YES;
				GCC_WARN_64_TO_32_BIT_CONVERSION = YES;
				GCC_WARN_ABOUT_RETURN_TYPE = YES_ERROR;
				GCC_WARN_UNDECLARED_SELECTOR = YES;
				GCC_WARN_UNINITIALIZED_AUTOS = YES_AGGRESSIVE;
				GCC_WARN_UNUSED_FUNCTION = YES;
				GCC_WARN_UNUSED_VARIABLE = YES;
				IPHONEOS_DEPLOYMENT_TARGET = 13.4;
				MTL_ENABLE_DEBUG_INFO = NO;
				MTL_FAST_MATH = YES;
				SDKROOT = iphoneos;
				SWIFT_COMPILATION_MODE = wholemodule;
				SWIFT_OPTIMIZATION_LEVEL = "-O";
				VALIDATE_PRODUCT = YES;
			};
			name = Release;
		};
		DF60F589244B4A6F00478922 /* Debug */ = {
			isa = XCBuildConfiguration;
			buildSettings = {
				ASSETCATALOG_COMPILER_APPICON_NAME = AppIcon;
				CODE_SIGN_IDENTITY = "Apple Development";
				CODE_SIGN_STYLE = Automatic;
				CURRENT_PROJECT_VERSION = 4;
				DEVELOPMENT_TEAM = 84Y94U66TP;
				INFOPLIST_FILE = ElClima/Info.plist;
				IPHONEOS_DEPLOYMENT_TARGET = 14.0;
				LD_RUNPATH_SEARCH_PATHS = (
					"$(inherited)",
					"@executable_path/Frameworks",
				);
				MARKETING_VERSION = 1.2.7;
				PRODUCT_BUNDLE_IDENTIFIER = com.franciscoh.ElClima;
				PRODUCT_NAME = "$(TARGET_NAME)";
				PROVISIONING_PROFILE_SPECIFIER = "";
				SWIFT_VERSION = 5.0;
				TARGETED_DEVICE_FAMILY = 1;
			};
			name = Debug;
		};
		DF60F58A244B4A6F00478922 /* Release */ = {
			isa = XCBuildConfiguration;
			buildSettings = {
				ASSETCATALOG_COMPILER_APPICON_NAME = AppIcon;
				CODE_SIGN_IDENTITY = "Apple Development";
				CODE_SIGN_STYLE = Automatic;
				CURRENT_PROJECT_VERSION = 4;
				DEVELOPMENT_TEAM = 84Y94U66TP;
				INFOPLIST_FILE = ElClima/Info.plist;
				IPHONEOS_DEPLOYMENT_TARGET = 14.0;
				LD_RUNPATH_SEARCH_PATHS = (
					"$(inherited)",
					"@executable_path/Frameworks",
				);
				MARKETING_VERSION = 1.2.7;
				PRODUCT_BUNDLE_IDENTIFIER = com.franciscoh.ElClima;
				PRODUCT_NAME = "$(TARGET_NAME)";
				PROVISIONING_PROFILE_SPECIFIER = "";
				SWIFT_VERSION = 5.0;
				TARGETED_DEVICE_FAMILY = 1;
			};
			name = Release;
		};
/* End XCBuildConfiguration section */

/* Begin XCConfigurationList section */
		DF60F56F244B4A6D00478922 /* Build configuration list for PBXProject "MiClima" */ = {
			isa = XCConfigurationList;
			buildConfigurations = (
				DF60F586244B4A6F00478922 /* Debug */,
				DF60F587244B4A6F00478922 /* Release */,
			);
			defaultConfigurationIsVisible = 0;
			defaultConfigurationName = Release;
		};
		DF60F588244B4A6F00478922 /* Build configuration list for PBXNativeTarget "MiClima" */ = {
			isa = XCConfigurationList;
			buildConfigurations = (
				DF60F589244B4A6F00478922 /* Debug */,
				DF60F58A244B4A6F00478922 /* Release */,
			);
			defaultConfigurationIsVisible = 0;
			defaultConfigurationName = Release;
		};
/* End XCConfigurationList section */
	};
	rootObject = DF60F56C244B4A6D00478922 /* Project object */;
}
